// !$*UTF8*$!
{
	archiveVersion = 1;
	classes = {
	};
	objectVersion = 46;
	objects = {

/* Begin PBXBuildFile section */
		00B3CB671F14C96800E0DE09 /* main.m in Sources */ = {isa = PBXBuildFile; fileRef = 00B3CB661F14C96800E0DE09 /* main.m */; };
		00B3CB6A1F14C96800E0DE09 /* AppDelegate.m in Sources */ = {isa = PBXBuildFile; fileRef = 00B3CB691F14C96800E0DE09 /* AppDelegate.m */; };
		00B3CB6D1F14C96800E0DE09 /* ViewController.m in Sources */ = {isa = PBXBuildFile; fileRef = 00B3CB6C1F14C96800E0DE09 /* ViewController.m */; };
		00B3CB701F14C96800E0DE09 /* Main.storyboard in Resources */ = {isa = PBXBuildFile; fileRef = 00B3CB6E1F14C96800E0DE09 /* Main.storyboard */; };
		00B3CB721F14C96800E0DE09 /* Assets.xcassets in Resources */ = {isa = PBXBuildFile; fileRef = 00B3CB711F14C96800E0DE09 /* Assets.xcassets */; };
		00B3CB751F14C96800E0DE09 /* LaunchScreen.storyboard in Resources */ = {isa = PBXBuildFile; fileRef = 00B3CB731F14C96800E0DE09 /* LaunchScreen.storyboard */; };
		00B3CB7F1F14C9EE00E0DE09 /* SZAdapter.m in Sources */ = {isa = PBXBuildFile; fileRef = 00B3CB7E1F14C9EE00E0DE09 /* SZAdapter.m */; };
/* End PBXBuildFile section */

/* Begin PBXFileReference section */
		00B3CB621F14C96800E0DE09 /* SZAdapterDemo.app */ = {isa = PBXFileReference; explicitFileType = wrapper.application; includeInIndex = 0; path = SZAdapterDemo.app; sourceTree = BUILT_PRODUCTS_DIR; };
		00B3CB661F14C96800E0DE09 /* main.m */ = {isa = PBXFileReference; lastKnownFileType = sourcecode.c.objc; path = main.m; sourceTree = "<group>"; };
		00B3CB681F14C96800E0DE09 /* AppDelegate.h */ = {isa = PBXFileReference; lastKnownFileType = sourcecode.c.h; path = AppDelegate.h; sourceTree = "<group>"; };
		00B3CB691F14C96800E0DE09 /* AppDelegate.m */ = {isa = PBXFileReference; lastKnownFileType = sourcecode.c.objc; path = AppDelegate.m; sourceTree = "<group>"; };
		00B3CB6B1F14C96800E0DE09 /* ViewController.h */ = {isa = PBXFileReference; lastKnownFileType = sourcecode.c.h; path = ViewController.h; sourceTree = "<group>"; };
		00B3CB6C1F14C96800E0DE09 /* ViewController.m */ = {isa = PBXFileReference; lastKnownFileType = sourcecode.c.objc; path = ViewController.m; sourceTree = "<group>"; };
		00B3CB6F1F14C96800E0DE09 /* Base */ = {isa = PBXFileReference; lastKnownFileType = file.storyboard; name = Base; path = Base.lproj/Main.storyboard; sourceTree = "<group>"; };
		00B3CB711F14C96800E0DE09 /* Assets.xcassets */ = {isa = PBXFileReference; lastKnownFileType = folder.assetcatalog; path = Assets.xcassets; sourceTree = "<group>"; };
		00B3CB741F14C96800E0DE09 /* Base */ = {isa = PBXFileReference; lastKnownFileType = file.storyboard; name = Base; path = Base.lproj/LaunchScreen.storyboard; sourceTree = "<group>"; };
		00B3CB761F14C96800E0DE09 /* Info.plist */ = {isa = PBXFileReference; lastKnownFileType = text.plist.xml; path = Info.plist; sourceTree = "<group>"; };
		00B3CB7D1F14C9EE00E0DE09 /* SZAdapter.h */ = {isa = PBXFileReference; fileEncoding = 4; lastKnownFileType = sourcecode.c.h; path = SZAdapter.h; sourceTree = "<group>"; };
		00B3CB7E1F14C9EE00E0DE09 /* SZAdapter.m */ = {isa = PBXFileReference; fileEncoding = 4; lastKnownFileType = sourcecode.c.objc; path = SZAdapter.m; sourceTree = "<group>"; };
/* End PBXFileReference section */

/* Begin PBXFrameworksBuildPhase section */
		00B3CB5F1F14C96800E0DE09 /* Frameworks */ = {
			isa = PBXFrameworksBuildPhase;
			buildActionMask = 2147483647;
			files = (
			);
			runOnlyForDeploymentPostprocessing = 0;
		};
/* End PBXFrameworksBuildPhase section */

/* Begin PBXGroup section */
		00B3CB591F14C96800E0DE09 = {
			isa = PBXGroup;
			children = (
				00B3CB7C1F14C9CB00E0DE09 /* SZAdapter */,
				00B3CB641F14C96800E0DE09 /* SZAdapterDemo */,
				00B3CB631F14C96800E0DE09 /* Products */,
			);
			sourceTree = "<group>";
		};
		00B3CB631F14C96800E0DE09 /* Products */ = {
			isa = PBXGroup;
			children = (
				00B3CB621F14C96800E0DE09 /* SZAdapterDemo.app */,
			);
			name = Products;
			sourceTree = "<group>";
		};
		00B3CB641F14C96800E0DE09 /* SZAdapterDemo */ = {
			isa = PBXGroup;
			children = (
				00B3CB681F14C96800E0DE09 /* AppDelegate.h */,
				00B3CB691F14C96800E0DE09 /* AppDelegate.m */,
				00B3CB6B1F14C96800E0DE09 /* ViewController.h */,
				00B3CB6C1F14C96800E0DE09 /* ViewController.m */,
				00B3CB6E1F14C96800E0DE09 /* Main.storyboard */,
				00B3CB711F14C96800E0DE09 /* Assets.xcassets */,
				00B3CB731F14C96800E0DE09 /* LaunchScreen.storyboard */,
				00B3CB761F14C96800E0DE09 /* Info.plist */,
				00B3CB651F14C96800E0DE09 /* Supporting Files */,
			);
			path = SZAdapterDemo;
			sourceTree = "<group>";
		};
		00B3CB651F14C96800E0DE09 /* Supporting Files */ = {
			isa = PBXGroup;
			children = (
				00B3CB661F14C96800E0DE09 /* main.m */,
			);
			name = "Supporting Files";
			sourceTree = "<group>";
		};
		00B3CB7C1F14C9CB00E0DE09 /* SZAdapter */ = {
			isa = PBXGroup;
			children = (
				00B3CB7D1F14C9EE00E0DE09 /* SZAdapter.h */,
				00B3CB7E1F14C9EE00E0DE09 /* SZAdapter.m */,
			);
			path = SZAdapter;
			sourceTree = "<group>";
		};
/* End PBXGroup section */

/* Begin PBXNativeTarget section */
		00B3CB611F14C96800E0DE09 /* SZAdapterDemo */ = {
			isa = PBXNativeTarget;
			buildConfigurationList = 00B3CB791F14C96800E0DE09 /* Build configuration list for PBXNativeTarget "SZAdapterDemo" */;
			buildPhases = (
				00B3CB5E1F14C96800E0DE09 /* Sources */,
				00B3CB5F1F14C96800E0DE09 /* Frameworks */,
				00B3CB601F14C96800E0DE09 /* Resources */,
			);
			buildRules = (
			);
			dependencies = (
			);
			name = SZAdapterDemo;
			productName = SZAdapterDemo;
			productReference = 00B3CB621F14C96800E0DE09 /* SZAdapterDemo.app */;
			productType = "com.apple.product-type.application";
		};
/* End PBXNativeTarget section */

/* Begin PBXProject section */
		00B3CB5A1F14C96800E0DE09 /* Project object */ = {
			isa = PBXProject;
			attributes = {
				LastUpgradeCheck = 0830;
				ORGANIZATIONNAME = StenpZ;
				TargetAttributes = {
					00B3CB611F14C96800E0DE09 = {
						CreatedOnToolsVersion = 8.3.3;
						DevelopmentTeam = 4XX5FCGC7Y;
						ProvisioningStyle = Automatic;
					};
				};
			};
			buildConfigurationList = 00B3CB5D1F14C96800E0DE09 /* Build configuration list for PBXProject "SZAdapterDemo" */;
			compatibilityVersion = "Xcode 3.2";
			developmentRegion = English;
			hasScannedForEncodings = 0;
			knownRegions = (
				en,
				Base,
			);
			mainGroup = 00B3CB591F14C96800E0DE09;
			productRefGroup = 00B3CB631F14C96800E0DE09 /* Products */;
			projectDirPath = "";
			projectRoot = "";
			targets = (
				00B3CB611F14C96800E0DE09 /* SZAdapterDemo */,
			);
		};
/* End PBXProject section */

/* Begin PBXResourcesBuildPhase section */
		00B3CB601F14C96800E0DE09 /* Resources */ = {
			isa = PBXResourcesBuildPhase;
			buildActionMask = 2147483647;
			files = (
				00B3CB751F14C96800E0DE09 /* LaunchScreen.storyboard in Resources */,
				00B3CB721F14C96800E0DE09 /* Assets.xcassets in Resources */,
				00B3CB701F14C96800E0DE09 /* Main.storyboard in Resources */,
			);
			runOnlyForDeploymentPostprocessing = 0;
		};
/* End PBXResourcesBuildPhase section */

/* Begin PBXSourcesBuildPhase section */
		00B3CB5E1F14C96800E0DE09 /* Sources */ = {
			isa = PBXSourcesBuildPhase;
			buildActionMask = 2147483647;
			files = (
				00B3CB7F1F14C9EE00E0DE09 /* SZAdapter.m in Sources */,
				00B3CB6D1F14C96800E0DE09 /* ViewController.m in Sources */,
				00B3CB6A1F14C96800E0DE09 /* AppDelegate.m in Sources */,
				00B3CB671F14C96800E0DE09 /* main.m in Sources */,
			);
			runOnlyForDeploymentPostprocessing = 0;
		};
/* End PBXSourcesBuildPhase section */

/* Begin PBXVariantGroup section */
		00B3CB6E1F14C96800E0DE09 /* Main.storyboard */ = {
			isa = PBXVariantGroup;
			children = (
				00B3CB6F1F14C96800E0DE09 /* Base */,
			);
			name = Main.storyboard;
			sourceTree = "<group>";
		};
		00B3CB731F14C96800E0DE09 /* LaunchScreen.storyboard */ = {
			isa = PBXVariantGroup;
			children = (
				00B3CB741F14C96800E0DE09 /* Base */,
			);
			name = LaunchScreen.storyboard;
			sourceTree = "<group>";
		};
/* End PBXVariantGroup section */

/* Begin XCBuildConfiguration section */
		00B3CB771F14C96800E0DE09 /* Debug */ = {
			isa = XCBuildConfiguration;
			buildSettings = {
				ALWAYS_SEARCH_USER_PATHS = NO;
				CLANG_ANALYZER_NONNULL = YES;
				CLANG_ANALYZER_NUMBER_OBJECT_CONVERSION = YES_AGGRESSIVE;
				CLANG_CXX_LANGUAGE_STANDARD = "gnu++0x";
				CLANG_CXX_LIBRARY = "libc++";
				CLANG_ENABLE_MODULES = YES;
				CLANG_ENABLE_OBJC_ARC = YES;
				CLANG_WARN_BOOL_CONVERSION = YES;
				CLANG_WARN_CONSTANT_CONVERSION = YES;
				CLANG_WARN_DIRECT_OBJC_ISA_USAGE = YES_ERROR;
				CLANG_WARN_DOCUMENTATION_COMMENTS = YES;
				CLANG_WARN_EMPTY_BODY = YES;
				CLANG_WARN_ENUM_CONVERSION = YES;
				CLANG_WARN_INFINITE_RECURSION = YES;
				CLANG_WARN_INT_CONVERSION = YES;
				CLANG_WARN_OBJC_ROOT_CLASS = YES_ERROR;
				CLANG_WARN_SUSPICIOUS_MOVE = YES;
				CLANG_WARN_UNREACHABLE_CODE = YES;
				CLANG_WARN__DUPLICATE_METHOD_MATCH = YES;
				"CODE_SIGN_IDENTITY[sdk=iphoneos*]" = "iPhone Developer";
				COPY_PHASE_STRIP = NO;
				DEBUG_INFORMATION_FORMAT = dwarf;
				ENABLE_STRICT_OBJC_MSGSEND = YES;
				ENABLE_TESTABILITY = YES;
				GCC_C_LANGUAGE_STANDARD = gnu99;
				GCC_DYNAMIC_NO_PIC = NO;
				GCC_NO_COMMON_BLOCKS = YES;
				GCC_OPTIMIZATION_LEVEL = 0;
				GCC_PREPROCESSOR_DEFINITIONS = (
					"DEBUG=1",
					"$(inherited)",
				);
				GCC_WARN_64_TO_32_BIT_CONVERSION = YES;
				GCC_WARN_ABOUT_RETURN_TYPE = YES_ERROR;
				GCC_WARN_UNDECLARED_SELECTOR = YES;
				GCC_WARN_UNINITIALIZED_AUTOS = YES_AGGRESSIVE;
				GCC_WARN_UNUSED_FUNCTION = YES;
				GCC_WARN_UNUSED_VARIABLE = YES;
				IPHONEOS_DEPLOYMENT_TARGET = 10.3;
				MTL_ENABLE_DEBUG_INFO = YES;
				ONLY_ACTIVE_ARCH = YES;
				SDKROOT = iphoneos;
			};
			name = Debug;
		};
		00B3CB781F14C96800E0DE09 /* Release */ = {
			isa = XCBuildConfiguration;
			buildSettings = {
				ALWAYS_SEARCH_USER_PATHS = NO;
				CLANG_ANALYZER_NONNULL = YES;
				CLANG_ANALYZER_NUMBER_OBJECT_CONVERSION = YES_AGGRESSIVE;
				CLANG_CXX_LANGUAGE_STANDARD = "gnu++0x";
				CLANG_CXX_LIBRARY = "libc++";
				CLANG_ENABLE_MODULES = YES;
				CLANG_ENABLE_OBJC_ARC = YES;
				CLANG_WARN_BOOL_CONVERSION = YES;
				CLANG_WARN_CONSTANT_CONVERSION = YES;
				CLANG_WARN_DIRECT_OBJC_ISA_USAGE = YES_ERROR;
				CLANG_WARN_DOCUMENTATION_COMMENTS = YES;
				CLANG_WARN_EMPTY_BODY = YES;
				CLANG_WARN_ENUM_CONVERSION = YES;
				CLANG_WARN_INFINITE_RECURSION = YES;
				CLANG_WARN_INT_CONVERSION = YES;
				CLANG_WARN_OBJC_ROOT_CLASS = YES_ERROR;
				CLANG_WARN_SUSPICIOUS_MOVE = YES;
				CLANG_WARN_UNREACHABLE_CODE = YES;
				CLANG_WARN__DUPLICATE_METHOD_MATCH = YES;
				"CODE_SIGN_IDENTITY[sdk=iphoneos*]" = "iPhone Developer";
				COPY_PHASE_STRIP = NO;
				DEBUG_INFORMATION_FORMAT = "dwarf-with-dsym";
				ENABLE_NS_ASSERTIONS = NO;
				ENABLE_STRICT_OBJC_MSGSEND = YES;
				GCC_C_LANGUAGE_STANDARD = gnu99;
				GCC_NO_COMMON_BLOCKS = YES;
				GCC_WARN_64_TO_32_BIT_CONVERSION = YES;
				GCC_WARN_ABOUT_RETURN_TYPE = YES_ERROR;
				GCC_WARN_UNDECLARED_SELECTOR = YES;
				GCC_WARN_UNINITIALIZED_AUTOS = YES_AGGRESSIVE;
				GCC_WARN_UNUSED_FUNCTION = YES;
				GCC_WARN_UNUSED_VARIABLE = YES;
				IPHONEOS_DEPLOYMENT_TARGET = 10.3;
				MTL_ENABLE_DEBUG_INFO = NO;
				SDKROOT = iphoneos;
				VALIDATE_PRODUCT = YES;
			};
			name = Release;
		};
		00B3CB7A1F14C96800E0DE09 /* Debug */ = {
			isa = XCBuildConfiguration;
			buildSettings = {
				ASSETCATALOG_COMPILER_APPICON_NAME = AppIcon;
				DEVELOPMENT_TEAM = 4XX5FCGC7Y;
				INFOPLIST_FILE = SZAdapterDemo/Info.plist;
				IPHONEOS_DEPLOYMENT_TARGET = 8.0;
				LD_RUNPATH_SEARCH_PATHS = "$(inherited) @executable_path/Frameworks";
				PRODUCT_BUNDLE_IDENTIFIER = xianche123;
				PRODUCT_NAME = "$(TARGET_NAME)";
			};
			name = Debug;
		};
		00B3CB7B1F14C96800E0DE09 /* Release */ = {
			isa = XCBuildConfiguration;
			buildSettings = {
				ASSETCATALOG_COMPILER_APPICON_NAME = AppIcon;
				DEVELOPMENT_TEAM = 4XX5FCGC7Y;
				INFOPLIST_FILE = SZAdapterDemo/Info.plist;
				IPHONEOS_DEPLOYMENT_TARGET = 8.0;
				LD_RUNPATH_SEARCH_PATHS = "$(inherited) @executable_path/Frameworks";
				PRODUCT_BUNDLE_IDENTIFIER = xianche123;
				PRODUCT_NAME = "$(TARGET_NAME)";
			};
			name = Release;
		};
/* End XCBuildConfiguration section */

/* Begin XCConfigurationList section */
		00B3CB5D1F14C96800E0DE09 /* Build configuration list for PBXProject "SZAdapterDemo" */ = {
			isa = XCConfigurationList;
			buildConfigurations = (
				00B3CB771F14C96800E0DE09 /* Debug */,
				00B3CB781F14C96800E0DE09 /* Release */,
			);
			defaultConfigurationIsVisible = 0;
			defaultConfigurationName = Release;
		};
		00B3CB791F14C96800E0DE09 /* Build configuration list for PBXNativeTarget "SZAdapterDemo" */ = {
			isa = XCConfigurationList;
			buildConfigurations = (
				00B3CB7A1F14C96800E0DE09 /* Debug */,
				00B3CB7B1F14C96800E0DE09 /* Release */,
			);
			defaultConfigurationIsVisible = 0;
			defaultConfigurationName = Release;
		};
/* End XCConfigurationList section */
	};
	rootObject = 00B3CB5A1F14C96800E0DE09 /* Project object */;
}
